// !$*UTF8*$!
{
	archiveVersion = 1;
	classes = {
	};
	objectVersion = 56;
	objects = {

/* Begin PBXBuildFile section */
		938521EF1F7B2224CE3740E7 /* Pods_1221Systems.framework in Frameworks */ = {isa = PBXBuildFile; fileRef = F9F8C44F448637C4E52819A8 /* Pods_1221Systems.framework */; };
		AE1BBBE52A9645B4009F9E27 /* R.generated.swift in Sources */ = {isa = PBXBuildFile; fileRef = AE1BBBE42A9645B4009F9E27 /* R.generated.swift */; };
		AE1BBBE72A9653EE009F9E27 /* CollectionViewCell.swift in Sources */ = {isa = PBXBuildFile; fileRef = AE1BBBE62A9653EE009F9E27 /* CollectionViewCell.swift */; };
		AE1BBBE92A965906009F9E27 /* DetailedView.swift in Sources */ = {isa = PBXBuildFile; fileRef = AE1BBBE82A965906009F9E27 /* DetailedView.swift */; };
		AE1BBBF22A96665F009F9E27 /* Origin.swift in Sources */ = {isa = PBXBuildFile; fileRef = AE1BBBED2A96665F009F9E27 /* Origin.swift */; };
		AE1BBBF32A96665F009F9E27 /* Location.swift in Sources */ = {isa = PBXBuildFile; fileRef = AE1BBBEE2A96665F009F9E27 /* Location.swift */; };
		AE1BBBF42A96665F009F9E27 /* Results.swift in Sources */ = {isa = PBXBuildFile; fileRef = AE1BBBEF2A96665F009F9E27 /* Results.swift */; };
		AE1BBBF52A96665F009F9E27 /* Character.swift in Sources */ = {isa = PBXBuildFile; fileRef = AE1BBBF02A96665F009F9E27 /* Character.swift */; };
		AE1BBBF62A96665F009F9E27 /* Info.swift in Sources */ = {isa = PBXBuildFile; fileRef = AE1BBBF12A96665F009F9E27 /* Info.swift */; };
		AE2AB3992A963CF4005C548C /* AppDelegate.swift in Sources */ = {isa = PBXBuildFile; fileRef = AE2AB3982A963CF4005C548C /* AppDelegate.swift */; };
		AE2AB39B2A963CF4005C548C /* SceneDelegate.swift in Sources */ = {isa = PBXBuildFile; fileRef = AE2AB39A2A963CF4005C548C /* SceneDelegate.swift */; };
		AE2AB39D2A963CF4005C548C /* HomeViewController.swift in Sources */ = {isa = PBXBuildFile; fileRef = AE2AB39C2A963CF4005C548C /* HomeViewController.swift */; };
		AE2AB3A22A963CF5005C548C /* Assets.xcassets in Resources */ = {isa = PBXBuildFile; fileRef = AE2AB3A12A963CF5005C548C /* Assets.xcassets */; };
		AE2AB3A52A963CF5005C548C /* LaunchScreen.storyboard in Resources */ = {isa = PBXBuildFile; fileRef = AE2AB3A32A963CF5005C548C /* LaunchScreen.storyboard */; };
		AEE4F9D12A96679F00631084 /* Coordinator.swift in Sources */ = {isa = PBXBuildFile; fileRef = AEE4F9D02A96679F00631084 /* Coordinator.swift */; };
		AEE4F9D42A96687900631084 /* MainCoordinator.swift in Sources */ = {isa = PBXBuildFile; fileRef = AEE4F9D32A96687900631084 /* MainCoordinator.swift */; };
		AEE4F9D72A966ADD00631084 /* BaseViewController.swift in Sources */ = {isa = PBXBuildFile; fileRef = AEE4F9D62A966ADD00631084 /* BaseViewController.swift */; };
/* End PBXBuildFile section */

/* Begin PBXFileReference section */
		1322F6B6B064D07887230672 /* Pods-1221Systems.release.xcconfig */ = {isa = PBXFileReference; includeInIndex = 1; lastKnownFileType = text.xcconfig; name = "Pods-1221Systems.release.xcconfig"; path = "Target Support Files/Pods-1221Systems/Pods-1221Systems.release.xcconfig"; sourceTree = "<group>"; };
		9561D923265934A47695F95B /* Pods-1221Systems.debug.xcconfig */ = {isa = PBXFileReference; includeInIndex = 1; lastKnownFileType = text.xcconfig; name = "Pods-1221Systems.debug.xcconfig"; path = "Target Support Files/Pods-1221Systems/Pods-1221Systems.debug.xcconfig"; sourceTree = "<group>"; };
		AE1BBBE42A9645B4009F9E27 /* R.generated.swift */ = {isa = PBXFileReference; fileEncoding = 4; lastKnownFileType = sourcecode.swift; path = R.generated.swift; sourceTree = SOURCE_ROOT; };
		AE1BBBE62A9653EE009F9E27 /* CollectionViewCell.swift */ = {isa = PBXFileReference; lastKnownFileType = sourcecode.swift; path = CollectionViewCell.swift; sourceTree = "<group>"; };
		AE1BBBE82A965906009F9E27 /* DetailedView.swift */ = {isa = PBXFileReference; lastKnownFileType = sourcecode.swift; path = DetailedView.swift; sourceTree = "<group>"; };
		AE1BBBED2A96665F009F9E27 /* Origin.swift */ = {isa = PBXFileReference; fileEncoding = 4; lastKnownFileType = sourcecode.swift; name = Origin.swift; path = ../../../../../Downloads/codegen_64e62e4605ceb/Origin.swift; sourceTree = "<group>"; };
		AE1BBBEE2A96665F009F9E27 /* Location.swift */ = {isa = PBXFileReference; fileEncoding = 4; lastKnownFileType = sourcecode.swift; name = Location.swift; path = ../../../../../Downloads/codegen_64e62e4605ceb/Location.swift; sourceTree = "<group>"; };
		AE1BBBEF2A96665F009F9E27 /* Results.swift */ = {isa = PBXFileReference; fileEncoding = 4; lastKnownFileType = sourcecode.swift; name = Results.swift; path = ../../../../../Downloads/codegen_64e62e4605ceb/Results.swift; sourceTree = "<group>"; };
		AE1BBBF02A96665F009F9E27 /* Character.swift */ = {isa = PBXFileReference; fileEncoding = 4; lastKnownFileType = sourcecode.swift; name = Character.swift; path = ../../../../../Downloads/codegen_64e62e4605ceb/Character.swift; sourceTree = "<group>"; };
		AE1BBBF12A96665F009F9E27 /* Info.swift */ = {isa = PBXFileReference; fileEncoding = 4; lastKnownFileType = sourcecode.swift; name = Info.swift; path = ../../../../../Downloads/codegen_64e62e4605ceb/Info.swift; sourceTree = "<group>"; };
		AE2AB3952A963CF4005C548C /* 1221Systems.app */ = {isa = PBXFileReference; explicitFileType = wrapper.application; includeInIndex = 0; path = 1221Systems.app; sourceTree = BUILT_PRODUCTS_DIR; };
		AE2AB3982A963CF4005C548C /* AppDelegate.swift */ = {isa = PBXFileReference; lastKnownFileType = sourcecode.swift; path = AppDelegate.swift; sourceTree = "<group>"; };
		AE2AB39A2A963CF4005C548C /* SceneDelegate.swift */ = {isa = PBXFileReference; lastKnownFileType = sourcecode.swift; path = SceneDelegate.swift; sourceTree = "<group>"; };
		AE2AB39C2A963CF4005C548C /* HomeViewController.swift */ = {isa = PBXFileReference; lastKnownFileType = sourcecode.swift; path = HomeViewController.swift; sourceTree = "<group>"; };
		AE2AB3A12A963CF5005C548C /* Assets.xcassets */ = {isa = PBXFileReference; lastKnownFileType = folder.assetcatalog; path = Assets.xcassets; sourceTree = "<group>"; };
		AE2AB3A42A963CF5005C548C /* Base */ = {isa = PBXFileReference; lastKnownFileType = file.storyboard; name = Base; path = Base.lproj/LaunchScreen.storyboard; sourceTree = "<group>"; };
		AE2AB3A62A963CF5005C548C /* Info.plist */ = {isa = PBXFileReference; lastKnownFileType = text.plist.xml; path = Info.plist; sourceTree = "<group>"; };
		AEE4F9D02A96679F00631084 /* Coordinator.swift */ = {isa = PBXFileReference; lastKnownFileType = sourcecode.swift; path = Coordinator.swift; sourceTree = "<group>"; };
		AEE4F9D32A96687900631084 /* MainCoordinator.swift */ = {isa = PBXFileReference; lastKnownFileType = sourcecode.swift; path = MainCoordinator.swift; sourceTree = "<group>"; };
		AEE4F9D62A966ADD00631084 /* BaseViewController.swift */ = {isa = PBXFileReference; lastKnownFileType = sourcecode.swift; path = BaseViewController.swift; sourceTree = "<group>"; };
		F9F8C44F448637C4E52819A8 /* Pods_1221Systems.framework */ = {isa = PBXFileReference; explicitFileType = wrapper.framework; includeInIndex = 0; path = Pods_1221Systems.framework; sourceTree = BUILT_PRODUCTS_DIR; };
/* End PBXFileReference section */

/* Begin PBXFrameworksBuildPhase section */
		AE2AB3922A963CF4005C548C /* Frameworks */ = {
			isa = PBXFrameworksBuildPhase;
			buildActionMask = 2147483647;
			files = (
				938521EF1F7B2224CE3740E7 /* Pods_1221Systems.framework in Frameworks */,
			);
			runOnlyForDeploymentPostprocessing = 0;
		};
/* End PBXFrameworksBuildPhase section */

/* Begin PBXGroup section */
		A47C49C680B1CABA95B8E8C7 /* Frameworks */ = {
			isa = PBXGroup;
			children = (
				F9F8C44F448637C4E52819A8 /* Pods_1221Systems.framework */,
			);
			name = Frameworks;
			sourceTree = "<group>";
		};
		AE1BBBEC2A96664D009F9E27 /* Models */ = {
			isa = PBXGroup;
			children = (
				AE1BBBF12A96665F009F9E27 /* Info.swift */,
				AE1BBBF02A96665F009F9E27 /* Character.swift */,
				AE1BBBEE2A96665F009F9E27 /* Location.swift */,
				AE1BBBED2A96665F009F9E27 /* Origin.swift */,
				AE1BBBEF2A96665F009F9E27 /* Results.swift */,
			);
			path = Models;
			sourceTree = "<group>";
		};
		AE2AB38C2A963CF4005C548C = {
			isa = PBXGroup;
			children = (
				AE2AB3972A963CF4005C548C /* 1221Systems */,
				AE2AB3962A963CF4005C548C /* Products */,
				C16C11C4046ABB686258A968 /* Pods */,
				A47C49C680B1CABA95B8E8C7 /* Frameworks */,
			);
			sourceTree = "<group>";
		};
		AE2AB3962A963CF4005C548C /* Products */ = {
			isa = PBXGroup;
			children = (
				AE2AB3952A963CF4005C548C /* 1221Systems.app */,
			);
			name = Products;
			sourceTree = "<group>";
		};
		AE2AB3972A963CF4005C548C /* 1221Systems */ = {
			isa = PBXGroup;
			children = (
				AE1BBBE42A9645B4009F9E27 /* R.generated.swift */,
				AE2AB3982A963CF4005C548C /* AppDelegate.swift */,
				AE2AB39A2A963CF4005C548C /* SceneDelegate.swift */,
				AE2AB39C2A963CF4005C548C /* HomeViewController.swift */,
				AE1BBBE62A9653EE009F9E27 /* CollectionViewCell.swift */,
				AE1BBBE82A965906009F9E27 /* DetailedView.swift */,
				AEE4F9D62A966ADD00631084 /* BaseViewController.swift */,
				AEE4F9D22A9667A000631084 /* Coordinators */,
				AE1BBBEC2A96664D009F9E27 /* Models */,
				AE2AB3A12A963CF5005C548C /* Assets.xcassets */,
				AE2AB3A32A963CF5005C548C /* LaunchScreen.storyboard */,
				AE2AB3A62A963CF5005C548C /* Info.plist */,
			);
			path = 1221Systems;
			sourceTree = "<group>";
		};
		AEE4F9D22A9667A000631084 /* Coordinators */ = {
			isa = PBXGroup;
			children = (
				AEE4F9D02A96679F00631084 /* Coordinator.swift */,
				AEE4F9D32A96687900631084 /* MainCoordinator.swift */,
			);
			path = Coordinators;
			sourceTree = "<group>";
		};
		C16C11C4046ABB686258A968 /* Pods */ = {
			isa = PBXGroup;
			children = (
				9561D923265934A47695F95B /* Pods-1221Systems.debug.xcconfig */,
				1322F6B6B064D07887230672 /* Pods-1221Systems.release.xcconfig */,
			);
			path = Pods;
			sourceTree = "<group>";
		};
/* End PBXGroup section */

/* Begin PBXNativeTarget section */
		AE2AB3942A963CF4005C548C /* 1221Systems */ = {
			isa = PBXNativeTarget;
			buildConfigurationList = AE2AB3A92A963CF5005C548C /* Build configuration list for PBXNativeTarget "1221Systems" */;
			buildPhases = (
				EE46AB60776C818888690F66 /* [CP] Check Pods Manifest.lock */,
				AE1BBBE12A96422A009F9E27 /* Run Script */,
				AE2AB3912A963CF4005C548C /* Sources */,
				AE2AB3922A963CF4005C548C /* Frameworks */,
				AE2AB3932A963CF4005C548C /* Resources */,
				01C7D9078EC5CF105217493A /* [CP] Embed Pods Frameworks */,
			);
			buildRules = (
			);
			dependencies = (
			);
			name = 1221Systems;
			productName = 1221Systems;
			productReference = AE2AB3952A963CF4005C548C /* 1221Systems.app */;
			productType = "com.apple.product-type.application";
		};
/* End PBXNativeTarget section */

/* Begin PBXProject section */
		AE2AB38D2A963CF4005C548C /* Project object */ = {
			isa = PBXProject;
			attributes = {
				BuildIndependentTargetsInParallel = 1;
				LastSwiftUpdateCheck = 1420;
				LastUpgradeCheck = 1420;
				TargetAttributes = {
					AE2AB3942A963CF4005C548C = {
						CreatedOnToolsVersion = 14.2;
					};
				};
			};
			buildConfigurationList = AE2AB3902A963CF4005C548C /* Build configuration list for PBXProject "1221Systems" */;
			compatibilityVersion = "Xcode 14.0";
			developmentRegion = en;
			hasScannedForEncodings = 0;
			knownRegions = (
				en,
				Base,
			);
			mainGroup = AE2AB38C2A963CF4005C548C;
			productRefGroup = AE2AB3962A963CF4005C548C /* Products */;
			projectDirPath = "";
			projectRoot = "";
			targets = (
				AE2AB3942A963CF4005C548C /* 1221Systems */,
			);
		};
/* End PBXProject section */

/* Begin PBXResourcesBuildPhase section */
		AE2AB3932A963CF4005C548C /* Resources */ = {
			isa = PBXResourcesBuildPhase;
			buildActionMask = 2147483647;
			files = (
				AE2AB3A52A963CF5005C548C /* LaunchScreen.storyboard in Resources */,
				AE2AB3A22A963CF5005C548C /* Assets.xcassets in Resources */,
			);
			runOnlyForDeploymentPostprocessing = 0;
		};
/* End PBXResourcesBuildPhase section */

/* Begin PBXShellScriptBuildPhase section */
		01C7D9078EC5CF105217493A /* [CP] Embed Pods Frameworks */ = {
			isa = PBXShellScriptBuildPhase;
			buildActionMask = 2147483647;
			files = (
			);
			inputFileListPaths = (
				"${PODS_ROOT}/Target Support Files/Pods-1221Systems/Pods-1221Systems-frameworks-${CONFIGURATION}-input-files.xcfilelist",
			);
			name = "[CP] Embed Pods Frameworks";
			outputFileListPaths = (
				"${PODS_ROOT}/Target Support Files/Pods-1221Systems/Pods-1221Systems-frameworks-${CONFIGURATION}-output-files.xcfilelist",
			);
			runOnlyForDeploymentPostprocessing = 0;
			shellPath = /bin/sh;
			shellScript = "\"${PODS_ROOT}/Target Support Files/Pods-1221Systems/Pods-1221Systems-frameworks.sh\"\n";
			showEnvVarsInLog = 0;
		};
		AE1BBBE12A96422A009F9E27 /* Run Script */ = {
			isa = PBXShellScriptBuildPhase;
			alwaysOutOfDate = 1;
			buildActionMask = 2147483647;
			files = (
			);
			inputFileListPaths = (
			);
			inputPaths = (
			);
			name = "Run Script";
			outputFileListPaths = (
			);
			outputPaths = (
				$SRCROOT/R.generated.swift,
			);
			runOnlyForDeploymentPostprocessing = 0;
			shellPath = /bin/sh;
			shellScript = "\"$PODS_ROOT/R.swift/rswift\" generate \"$SRCROOT/R.generated.swift\"\n";
		};
		EE46AB60776C818888690F66 /* [CP] Check Pods Manifest.lock */ = {
			isa = PBXShellScriptBuildPhase;
			buildActionMask = 2147483647;
			files = (
			);
			inputFileListPaths = (
			);
			inputPaths = (
				"${PODS_PODFILE_DIR_PATH}/Podfile.lock",
				"${PODS_ROOT}/Manifest.lock",
			);
			name = "[CP] Check Pods Manifest.lock";
			outputFileListPaths = (
			);
			outputPaths = (
				"$(DERIVED_FILE_DIR)/Pods-1221Systems-checkManifestLockResult.txt",
			);
			runOnlyForDeploymentPostprocessing = 0;
			shellPath = /bin/sh;
			shellScript = "diff \"${PODS_PODFILE_DIR_PATH}/Podfile.lock\" \"${PODS_ROOT}/Manifest.lock\" > /dev/null\nif [ $? != 0 ] ; then\n    # print error to STDERR\n    echo \"error: The sandbox is not in sync with the Podfile.lock. Run 'pod install' or update your CocoaPods installation.\" >&2\n    exit 1\nfi\n# This output is used by Xcode 'outputs' to avoid re-running this script phase.\necho \"SUCCESS\" > \"${SCRIPT_OUTPUT_FILE_0}\"\n";
			showEnvVarsInLog = 0;
		};
/* End PBXShellScriptBuildPhase section */

/* Begin PBXSourcesBuildPhase section */
		AE2AB3912A963CF4005C548C /* Sources */ = {
			isa = PBXSourcesBuildPhase;
			buildActionMask = 2147483647;
			files = (
				AE1BBBE72A9653EE009F9E27 /* CollectionViewCell.swift in Sources */,
				AE2AB39D2A963CF4005C548C /* HomeViewController.swift in Sources */,
				AE1BBBF32A96665F009F9E27 /* Location.swift in Sources */,
				AE1BBBF52A96665F009F9E27 /* Character.swift in Sources */,
				AE2AB3992A963CF4005C548C /* AppDelegate.swift in Sources */,
				AEE4F9D72A966ADD00631084 /* BaseViewController.swift in Sources */,
				AE2AB39B2A963CF4005C548C /* SceneDelegate.swift in Sources */,
				AE1BBBE92A965906009F9E27 /* DetailedView.swift in Sources */,
				AE1BBBF42A96665F009F9E27 /* Results.swift in Sources */,
				AEE4F9D12A96679F00631084 /* Coordinator.swift in Sources */,
				AE1BBBE52A9645B4009F9E27 /* R.generated.swift in Sources */,
				AEE4F9D42A96687900631084 /* MainCoordinator.swift in Sources */,
				AE1BBBF22A96665F009F9E27 /* Origin.swift in Sources */,
				AE1BBBF62A96665F009F9E27 /* Info.swift in Sources */,
			);
			runOnlyForDeploymentPostprocessing = 0;
		};
/* End PBXSourcesBuildPhase section */

/* Begin PBXVariantGroup section */
		AE2AB3A32A963CF5005C548C /* LaunchScreen.storyboard */ = {
			isa = PBXVariantGroup;
			children = (
				AE2AB3A42A963CF5005C548C /* Base */,
			);
			name = LaunchScreen.storyboard;
			sourceTree = "<group>";
		};
/* End PBXVariantGroup section */

/* Begin XCBuildConfiguration section */
		AE2AB3A72A963CF5005C548C /* Debug */ = {
			isa = XCBuildConfiguration;
			buildSettings = {
				ALWAYS_SEARCH_USER_PATHS = NO;
				CLANG_ANALYZER_NONNULL = YES;
				CLANG_ANALYZER_NUMBER_OBJECT_CONVERSION = YES_AGGRESSIVE;
				CLANG_CXX_LANGUAGE_STANDARD = "gnu++20";
				CLANG_ENABLE_MODULES = YES;
				CLANG_ENABLE_OBJC_ARC = YES;
				CLANG_ENABLE_OBJC_WEAK = YES;
				CLANG_WARN_BLOCK_CAPTURE_AUTORELEASING = YES;
				CLANG_WARN_BOOL_CONVERSION = YES;
				CLANG_WARN_COMMA = YES;
				CLANG_WARN_CONSTANT_CONVERSION = YES;
				CLANG_WARN_DEPRECATED_OBJC_IMPLEMENTATIONS = YES;
				CLANG_WARN_DIRECT_OBJC_ISA_USAGE = YES_ERROR;
				CLANG_WARN_DOCUMENTATION_COMMENTS = YES;
				CLANG_WARN_EMPTY_BODY = YES;
				CLANG_WARN_ENUM_CONVERSION = YES;
				CLANG_WARN_INFINITE_RECURSION = YES;
				CLANG_WARN_INT_CONVERSION = YES;
				CLANG_WARN_NON_LITERAL_NULL_CONVERSION = YES;
				CLANG_WARN_OBJC_IMPLICIT_RETAIN_SELF = YES;
				CLANG_WARN_OBJC_LITERAL_CONVERSION = YES;
				CLANG_WARN_OBJC_ROOT_CLASS = YES_ERROR;
				CLANG_WARN_QUOTED_INCLUDE_IN_FRAMEWORK_HEADER = YES;
				CLANG_WARN_RANGE_LOOP_ANALYSIS = YES;
				CLANG_WARN_STRICT_PROTOTYPES = YES;
				CLANG_WARN_SUSPICIOUS_MOVE = YES;
				CLANG_WARN_UNGUARDED_AVAILABILITY = YES_AGGRESSIVE;
				CLANG_WARN_UNREACHABLE_CODE = YES;
				CLANG_WARN__DUPLICATE_METHOD_MATCH = YES;
				COPY_PHASE_STRIP = NO;
				DEBUG_INFORMATION_FORMAT = dwarf;
				ENABLE_STRICT_OBJC_MSGSEND = YES;
				ENABLE_TESTABILITY = YES;
				GCC_C_LANGUAGE_STANDARD = gnu11;
				GCC_DYNAMIC_NO_PIC = NO;
				GCC_NO_COMMON_BLOCKS = YES;
				GCC_OPTIMIZATION_LEVEL = 0;
				GCC_PREPROCESSOR_DEFINITIONS = (
					"DEBUG=1",
					"$(inherited)",
				);
				GCC_WARN_64_TO_32_BIT_CONVERSION = YES;
				GCC_WARN_ABOUT_RETURN_TYPE = YES_ERROR;
				GCC_WARN_UNDECLARED_SELECTOR = YES;
				GCC_WARN_UNINITIALIZED_AUTOS = YES_AGGRESSIVE;
				GCC_WARN_UNUSED_FUNCTION = YES;
				GCC_WARN_UNUSED_VARIABLE = YES;
				IPHONEOS_DEPLOYMENT_TARGET = 16.2;
				MTL_ENABLE_DEBUG_INFO = INCLUDE_SOURCE;
				MTL_FAST_MATH = YES;
				ONLY_ACTIVE_ARCH = YES;
				SDKROOT = iphoneos;
				SWIFT_ACTIVE_COMPILATION_CONDITIONS = DEBUG;
				SWIFT_OPTIMIZATION_LEVEL = "-Onone";
			};
			name = Debug;
		};
		AE2AB3A82A963CF5005C548C /* Release */ = {
			isa = XCBuildConfiguration;
			buildSettings = {
				ALWAYS_SEARCH_USER_PATHS = NO;
				CLANG_ANALYZER_NONNULL = YES;
				CLANG_ANALYZER_NUMBER_OBJECT_CONVERSION = YES_AGGRESSIVE;
				CLANG_CXX_LANGUAGE_STANDARD = "gnu++20";
				CLANG_ENABLE_MODULES = YES;
				CLANG_ENABLE_OBJC_ARC = YES;
				CLANG_ENABLE_OBJC_WEAK = YES;
				CLANG_WARN_BLOCK_CAPTURE_AUTORELEASING = YES;
				CLANG_WARN_BOOL_CONVERSION = YES;
				CLANG_WARN_COMMA = YES;
				CLANG_WARN_CONSTANT_CONVERSION = YES;
				CLANG_WARN_DEPRECATED_OBJC_IMPLEMENTATIONS = YES;
				CLANG_WARN_DIRECT_OBJC_ISA_USAGE = YES_ERROR;
				CLANG_WARN_DOCUMENTATION_COMMENTS = YES;
				CLANG_WARN_EMPTY_BODY = YES;
				CLANG_WARN_ENUM_CONVERSION = YES;
				CLANG_WARN_INFINITE_RECURSION = YES;
				CLANG_WARN_INT_CONVERSION = YES;
				CLANG_WARN_NON_LITERAL_NULL_CONVERSION = YES;
				CLANG_WARN_OBJC_IMPLICIT_RETAIN_SELF = YES;
				CLANG_WARN_OBJC_LITERAL_CONVERSION = YES;
				CLANG_WARN_OBJC_ROOT_CLASS = YES_ERROR;
				CLANG_WARN_QUOTED_INCLUDE_IN_FRAMEWORK_HEADER = YES;
				CLANG_WARN_RANGE_LOOP_ANALYSIS = YES;
				CLANG_WARN_STRICT_PROTOTYPES = YES;
				CLANG_WARN_SUSPICIOUS_MOVE = YES;
				CLANG_WARN_UNGUARDED_AVAILABILITY = YES_AGGRESSIVE;
				CLANG_WARN_UNREACHABLE_CODE = YES;
				CLANG_WARN__DUPLICATE_METHOD_MATCH = YES;
				COPY_PHASE_STRIP = NO;
				DEBUG_INFORMATION_FORMAT = "dwarf-with-dsym";
				ENABLE_NS_ASSERTIONS = NO;
				ENABLE_STRICT_OBJC_MSGSEND = YES;
				GCC_C_LANGUAGE_STANDARD = gnu11;
				GCC_NO_COMMON_BLOCKS = YES;
				GCC_WARN_64_TO_32_BIT_CONVERSION = YES;
				GCC_WARN_ABOUT_RETURN_TYPE = YES_ERROR;
				GCC_WARN_UNDECLARED_SELECTOR = YES;
				GCC_WARN_UNINITIALIZED_AUTOS = YES_AGGRESSIVE;
				GCC_WARN_UNUSED_FUNCTION = YES;
				GCC_WARN_UNUSED_VARIABLE = YES;
				IPHONEOS_DEPLOYMENT_TARGET = 16.2;
				MTL_ENABLE_DEBUG_INFO = NO;
				MTL_FAST_MATH = YES;
				SDKROOT = iphoneos;
				SWIFT_COMPILATION_MODE = wholemodule;
				SWIFT_OPTIMIZATION_LEVEL = "-O";
				VALIDATE_PRODUCT = YES;
			};
			name = Release;
		};
		AE2AB3AA2A963CF5005C548C /* Debug */ = {
			isa = XCBuildConfiguration;
			baseConfigurationReference = 9561D923265934A47695F95B /* Pods-1221Systems.debug.xcconfig */;
			buildSettings = {
				ASSETCATALOG_COMPILER_APPICON_NAME = AppIcon;
				ASSETCATALOG_COMPILER_GLOBAL_ACCENT_COLOR_NAME = AccentColor;
				CODE_SIGN_STYLE = Automatic;
				CURRENT_PROJECT_VERSION = 1;
				DEVELOPMENT_TEAM = 7K5H82MGKM;
				GENERATE_INFOPLIST_FILE = YES;
				INFOPLIST_FILE = 1221Systems/Info.plist;
				INFOPLIST_KEY_UIApplicationSupportsIndirectInputEvents = YES;
				INFOPLIST_KEY_UILaunchStoryboardName = LaunchScreen;
				INFOPLIST_KEY_UISupportedInterfaceOrientations = UIInterfaceOrientationPortrait;
				LD_RUNPATH_SEARCH_PATHS = (
					"$(inherited)",
					"@executable_path/Frameworks",
				);
				MARKETING_VERSION = 1.0;
				PRODUCT_BUNDLE_IDENTIFIER = "myself.-221Systems";
				PRODUCT_NAME = "$(TARGET_NAME)";
				SWIFT_EMIT_LOC_STRINGS = YES;
				SWIFT_VERSION = 5.0;
				TARGETED_DEVICE_FAMILY = "1,2";
			};
			name = Debug;
		};
		AE2AB3AB2A963CF5005C548C /* Release */ = {
			isa = XCBuildConfiguration;
			baseConfigurationReference = 1322F6B6B064D07887230672 /* Pods-1221Systems.release.xcconfig */;
			buildSettings = {
				ASSETCATALOG_COMPILER_APPICON_NAME = AppIcon;
				ASSETCATALOG_COMPILER_GLOBAL_ACCENT_COLOR_NAME = AccentColor;
				CODE_SIGN_STYLE = Automatic;
				CURRENT_PROJECT_VERSION = 1;
				DEVELOPMENT_TEAM = 7K5H82MGKM;
				GENERATE_INFOPLIST_FILE = YES;
				INFOPLIST_FILE = 1221Systems/Info.plist;
				INFOPLIST_KEY_UIApplicationSupportsIndirectInputEvents = YES;
				INFOPLIST_KEY_UILaunchStoryboardName = LaunchScreen;
				INFOPLIST_KEY_UISupportedInterfaceOrientations = UIInterfaceOrientationPortrait;
				LD_RUNPATH_SEARCH_PATHS = (
					"$(inherited)",
					"@executable_path/Frameworks",
				);
				MARKETING_VERSION = 1.0;
				PRODUCT_BUNDLE_IDENTIFIER = "myself.-221Systems";
				PRODUCT_NAME = "$(TARGET_NAME)";
				SWIFT_EMIT_LOC_STRINGS = YES;
				SWIFT_VERSION = 5.0;
				TARGETED_DEVICE_FAMILY = "1,2";
			};
			name = Release;
		};
/* End XCBuildConfiguration section */

/* Begin XCConfigurationList section */
		AE2AB3902A963CF4005C548C /* Build configuration list for PBXProject "1221Systems" */ = {
			isa = XCConfigurationList;
			buildConfigurations = (
				AE2AB3A72A963CF5005C548C /* Debug */,
				AE2AB3A82A963CF5005C548C /* Release */,
			);
			defaultConfigurationIsVisible = 0;
			defaultConfigurationName = Release;
		};
		AE2AB3A92A963CF5005C548C /* Build configuration list for PBXNativeTarget "1221Systems" */ = {
			isa = XCConfigurationList;
			buildConfigurations = (
				AE2AB3AA2A963CF5005C548C /* Debug */,
				AE2AB3AB2A963CF5005C548C /* Release */,
			);
			defaultConfigurationIsVisible = 0;
			defaultConfigurationName = Release;
		};
/* End XCConfigurationList section */
	};
	rootObject = AE2AB38D2A963CF4005C548C /* Project object */;
}
